// !$*UTF8*$!
{
	archiveVersion = 1;
	classes = {
	};
	objectVersion = 51;
	objects = {

/* Begin PBXBuildFile section */
		0F0C260178C7939F3DB2912F /* Pods_JPUtilsDemo.framework in Frameworks */ = {isa = PBXBuildFile; fileRef = 763C2439C2B850A024E66479 /* Pods_JPUtilsDemo.framework */; };
		2097A17CFCFF74C45CE87186 /* JPRouteUtils.m in Sources */ = {isa = PBXBuildFile; fileRef = 2097AB604E4E317CE78272D1 /* JPRouteUtils.m */; };
		2097A389BE81C1D311081DBD /* JPSystemUtils.m in Sources */ = {isa = PBXBuildFile; fileRef = 2097A9B3F561948CDBFF975C /* JPSystemUtils.m */; };
		2097A68950615219CD3ECBC9 /* JPViewUtils.m in Sources */ = {isa = PBXBuildFile; fileRef = 2097AD33A562DFCF5261C7BF /* JPViewUtils.m */; };
		2097A8432BDCC91DBCC69058 /* JPLayoutUtils.m in Sources */ = {isa = PBXBuildFile; fileRef = 2097A43B34292A2793BB73C6 /* JPLayoutUtils.m */; };
		2097A8AF01BAB98B93532B7A /* JPTimerUtils.m in Sources */ = {isa = PBXBuildFile; fileRef = 2097A4ADFE787E545877509B /* JPTimerUtils.m */; };
		F5081BE125B7DB5500A92C12 /* AppDelegate.m in Sources */ = {isa = PBXBuildFile; fileRef = F5081BE025B7DB5500A92C12 /* AppDelegate.m */; };
		F5081BE425B7DB5500A92C12 /* SceneDelegate.m in Sources */ = {isa = PBXBuildFile; fileRef = F5081BE325B7DB5500A92C12 /* SceneDelegate.m */; };
		F5081BE725B7DB5500A92C12 /* ViewController.m in Sources */ = {isa = PBXBuildFile; fileRef = F5081BE625B7DB5500A92C12 /* ViewController.m */; };
		F5081BEA25B7DB5500A92C12 /* Main.storyboard in Resources */ = {isa = PBXBuildFile; fileRef = F5081BE825B7DB5500A92C12 /* Main.storyboard */; };
		F5081BEC25B7DB5800A92C12 /* Assets.xcassets in Resources */ = {isa = PBXBuildFile; fileRef = F5081BEB25B7DB5800A92C12 /* Assets.xcassets */; };
		F5081BEF25B7DB5800A92C12 /* LaunchScreen.storyboard in Resources */ = {isa = PBXBuildFile; fileRef = F5081BED25B7DB5800A92C12 /* LaunchScreen.storyboard */; };
		F5081BF225B7DB5800A92C12 /* main.m in Sources */ = {isa = PBXBuildFile; fileRef = F5081BF125B7DB5800A92C12 /* main.m */; };
		F5081BFF25B7E36900A92C12 /* JPDateUtils.m in Sources */ = {isa = PBXBuildFile; fileRef = F5081BFE25B7E36900A92C12 /* JPDateUtils.m */; };
		F5081C0425B7FE0700A92C12 /* JPStringUtils.m in Sources */ = {isa = PBXBuildFile; fileRef = F5081C0325B7FE0700A92C12 /* JPStringUtils.m */; };
		F5081C1525B82D5300A92C12 /* TestViewController.m in Sources */ = {isa = PBXBuildFile; fileRef = F5081C1425B82D5300A92C12 /* TestViewController.m */; };
		F5081C1B25B8344E00A92C12 /* TestSubViewController.m in Sources */ = {isa = PBXBuildFile; fileRef = F5081C1A25B8344E00A92C12 /* TestSubViewController.m */; };
		F5081C2F25B847D700A92C12 /* JPUtilsConfig.m in Sources */ = {isa = PBXBuildFile; fileRef = F5081C2E25B847D700A92C12 /* JPUtilsConfig.m */; };
		F51EF43A264935D9002B8134 /* JPOperation.m in Sources */ = {isa = PBXBuildFile; fileRef = F51EF439264935D9002B8134 /* JPOperation.m */; };
/* End PBXBuildFile section */

/* Begin PBXFileReference section */
		2097A05834C523852D73DB95 /* JPTimerUtils.h */ = {isa = PBXFileReference; fileEncoding = 4; lastKnownFileType = sourcecode.c.h; path = JPTimerUtils.h; sourceTree = "<group>"; };
		2097A43B34292A2793BB73C6 /* JPLayoutUtils.m */ = {isa = PBXFileReference; fileEncoding = 4; lastKnownFileType = sourcecode.c.objc; path = JPLayoutUtils.m; sourceTree = "<group>"; };
		2097A4ADFE787E545877509B /* JPTimerUtils.m */ = {isa = PBXFileReference; fileEncoding = 4; lastKnownFileType = sourcecode.c.objc; path = JPTimerUtils.m; sourceTree = "<group>"; };
		2097A613711040036798FE98 /* JPViewUtils.h */ = {isa = PBXFileReference; fileEncoding = 4; lastKnownFileType = sourcecode.c.h; path = JPViewUtils.h; sourceTree = "<group>"; };
		2097A9B3F561948CDBFF975C /* JPSystemUtils.m */ = {isa = PBXFileReference; fileEncoding = 4; lastKnownFileType = sourcecode.c.objc; path = JPSystemUtils.m; sourceTree = "<group>"; };
		2097AB604E4E317CE78272D1 /* JPRouteUtils.m */ = {isa = PBXFileReference; fileEncoding = 4; lastKnownFileType = sourcecode.c.objc; path = JPRouteUtils.m; sourceTree = "<group>"; };
		2097AB67889E1B821537386F /* JPSystemUtils.h */ = {isa = PBXFileReference; fileEncoding = 4; lastKnownFileType = sourcecode.c.h; path = JPSystemUtils.h; sourceTree = "<group>"; };
		2097AB8EE3208785A65EFE19 /* JPRouteUtils.h */ = {isa = PBXFileReference; fileEncoding = 4; lastKnownFileType = sourcecode.c.h; path = JPRouteUtils.h; sourceTree = "<group>"; };
		2097AD33A562DFCF5261C7BF /* JPViewUtils.m */ = {isa = PBXFileReference; fileEncoding = 4; lastKnownFileType = sourcecode.c.objc; path = JPViewUtils.m; sourceTree = "<group>"; };
		2097AE9FDD9722DC123F8ABE /* JPLayoutUtils.h */ = {isa = PBXFileReference; fileEncoding = 4; lastKnownFileType = sourcecode.c.h; path = JPLayoutUtils.h; sourceTree = "<group>"; };
		5DFB60EE6C2A9DDEBE9F17C6 /* Pods-JPUtilsDemo.debug.xcconfig */ = {isa = PBXFileReference; includeInIndex = 1; lastKnownFileType = text.xcconfig; name = "Pods-JPUtilsDemo.debug.xcconfig"; path = "Target Support Files/Pods-JPUtilsDemo/Pods-JPUtilsDemo.debug.xcconfig"; sourceTree = "<group>"; };
		763C2439C2B850A024E66479 /* Pods_JPUtilsDemo.framework */ = {isa = PBXFileReference; explicitFileType = wrapper.framework; includeInIndex = 0; path = Pods_JPUtilsDemo.framework; sourceTree = BUILT_PRODUCTS_DIR; };
		93E19467E17B0C9824670BCC /* Pods-JPUtilsDemo.release.xcconfig */ = {isa = PBXFileReference; includeInIndex = 1; lastKnownFileType = text.xcconfig; name = "Pods-JPUtilsDemo.release.xcconfig"; path = "Target Support Files/Pods-JPUtilsDemo/Pods-JPUtilsDemo.release.xcconfig"; sourceTree = "<group>"; };
		F5081BDC25B7DB5500A92C12 /* JPUtilsDemo.app */ = {isa = PBXFileReference; explicitFileType = wrapper.application; includeInIndex = 0; path = JPUtilsDemo.app; sourceTree = BUILT_PRODUCTS_DIR; };
		F5081BDF25B7DB5500A92C12 /* AppDelegate.h */ = {isa = PBXFileReference; lastKnownFileType = sourcecode.c.h; path = AppDelegate.h; sourceTree = "<group>"; };
		F5081BE025B7DB5500A92C12 /* AppDelegate.m */ = {isa = PBXFileReference; lastKnownFileType = sourcecode.c.objc; path = AppDelegate.m; sourceTree = "<group>"; };
		F5081BE225B7DB5500A92C12 /* SceneDelegate.h */ = {isa = PBXFileReference; lastKnownFileType = sourcecode.c.h; path = SceneDelegate.h; sourceTree = "<group>"; };
		F5081BE325B7DB5500A92C12 /* SceneDelegate.m */ = {isa = PBXFileReference; lastKnownFileType = sourcecode.c.objc; path = SceneDelegate.m; sourceTree = "<group>"; };
		F5081BE525B7DB5500A92C12 /* ViewController.h */ = {isa = PBXFileReference; lastKnownFileType = sourcecode.c.h; path = ViewController.h; sourceTree = "<group>"; };
		F5081BE625B7DB5500A92C12 /* ViewController.m */ = {isa = PBXFileReference; lastKnownFileType = sourcecode.c.objc; path = ViewController.m; sourceTree = "<group>"; };
		F5081BE925B7DB5500A92C12 /* Base */ = {isa = PBXFileReference; lastKnownFileType = file.storyboard; name = Base; path = Base.lproj/Main.storyboard; sourceTree = "<group>"; };
		F5081BEB25B7DB5800A92C12 /* Assets.xcassets */ = {isa = PBXFileReference; lastKnownFileType = folder.assetcatalog; path = Assets.xcassets; sourceTree = "<group>"; };
		F5081BEE25B7DB5800A92C12 /* Base */ = {isa = PBXFileReference; lastKnownFileType = file.storyboard; name = Base; path = Base.lproj/LaunchScreen.storyboard; sourceTree = "<group>"; };
		F5081BF025B7DB5800A92C12 /* Info.plist */ = {isa = PBXFileReference; lastKnownFileType = text.plist.xml; path = Info.plist; sourceTree = "<group>"; };
		F5081BF125B7DB5800A92C12 /* main.m */ = {isa = PBXFileReference; lastKnownFileType = sourcecode.c.objc; path = main.m; sourceTree = "<group>"; };
		F5081BFD25B7E36900A92C12 /* JPDateUtils.h */ = {isa = PBXFileReference; lastKnownFileType = sourcecode.c.h; path = JPDateUtils.h; sourceTree = "<group>"; };
		F5081BFE25B7E36900A92C12 /* JPDateUtils.m */ = {isa = PBXFileReference; lastKnownFileType = sourcecode.c.objc; path = JPDateUtils.m; sourceTree = "<group>"; };
		F5081C0225B7FE0700A92C12 /* JPStringUtils.h */ = {isa = PBXFileReference; lastKnownFileType = sourcecode.c.h; path = JPStringUtils.h; sourceTree = "<group>"; };
		F5081C0325B7FE0700A92C12 /* JPStringUtils.m */ = {isa = PBXFileReference; lastKnownFileType = sourcecode.c.objc; path = JPStringUtils.m; sourceTree = "<group>"; };
		F5081C1325B82D5300A92C12 /* TestViewController.h */ = {isa = PBXFileReference; lastKnownFileType = sourcecode.c.h; path = TestViewController.h; sourceTree = "<group>"; };
		F5081C1425B82D5300A92C12 /* TestViewController.m */ = {isa = PBXFileReference; lastKnownFileType = sourcecode.c.objc; path = TestViewController.m; sourceTree = "<group>"; };
		F5081C1925B8344E00A92C12 /* TestSubViewController.h */ = {isa = PBXFileReference; lastKnownFileType = sourcecode.c.h; path = TestSubViewController.h; sourceTree = "<group>"; };
		F5081C1A25B8344E00A92C12 /* TestSubViewController.m */ = {isa = PBXFileReference; lastKnownFileType = sourcecode.c.objc; path = TestSubViewController.m; sourceTree = "<group>"; };
		F5081C2C25B847CB00A92C12 /* JPUtils-OC.h */ = {isa = PBXFileReference; lastKnownFileType = sourcecode.c.h; path = "JPUtils-OC.h"; sourceTree = "<group>"; };
		F5081C2D25B847D700A92C12 /* JPUtilsConfig.h */ = {isa = PBXFileReference; lastKnownFileType = sourcecode.c.h; path = JPUtilsConfig.h; sourceTree = "<group>"; };
		F5081C2E25B847D700A92C12 /* JPUtilsConfig.m */ = {isa = PBXFileReference; lastKnownFileType = sourcecode.c.objc; path = JPUtilsConfig.m; sourceTree = "<group>"; };
		F51EF438264935D9002B8134 /* JPOperation.h */ = {isa = PBXFileReference; lastKnownFileType = sourcecode.c.h; path = JPOperation.h; sourceTree = "<group>"; };
		F51EF439264935D9002B8134 /* JPOperation.m */ = {isa = PBXFileReference; lastKnownFileType = sourcecode.c.objc; path = JPOperation.m; sourceTree = "<group>"; };
/* End PBXFileReference section */

/* Begin PBXFrameworksBuildPhase section */
		F5081BD925B7DB5500A92C12 /* Frameworks */ = {
			isa = PBXFrameworksBuildPhase;
			buildActionMask = 2147483647;
			files = (
				0F0C260178C7939F3DB2912F /* Pods_JPUtilsDemo.framework in Frameworks */,
			);
			runOnlyForDeploymentPostprocessing = 0;
		};
/* End PBXFrameworksBuildPhase section */

/* Begin PBXGroup section */
		0BEA12047ACD8E96C9758BAC /* Pods */ = {
			isa = PBXGroup;
			children = (
				5DFB60EE6C2A9DDEBE9F17C6 /* Pods-JPUtilsDemo.debug.xcconfig */,
				93E19467E17B0C9824670BCC /* Pods-JPUtilsDemo.release.xcconfig */,
			);
			path = Pods;
			sourceTree = "<group>";
		};
		DB18D5A9EAA31F5630085D19 /* Frameworks */ = {
			isa = PBXGroup;
			children = (
				763C2439C2B850A024E66479 /* Pods_JPUtilsDemo.framework */,
			);
			name = Frameworks;
			sourceTree = "<group>";
		};
		F5081BD325B7DB5500A92C12 = {
			isa = PBXGroup;
			children = (
				F5081BDE25B7DB5500A92C12 /* JPUtilsDemo */,
				F5081BDD25B7DB5500A92C12 /* Products */,
				0BEA12047ACD8E96C9758BAC /* Pods */,
				DB18D5A9EAA31F5630085D19 /* Frameworks */,
			);
			sourceTree = "<group>";
		};
		F5081BDD25B7DB5500A92C12 /* Products */ = {
			isa = PBXGroup;
			children = (
				F5081BDC25B7DB5500A92C12 /* JPUtilsDemo.app */,
			);
			name = Products;
			sourceTree = "<group>";
		};
		F5081BDE25B7DB5500A92C12 /* JPUtilsDemo */ = {
			isa = PBXGroup;
			children = (
				F5081BF925B7DB7500A92C12 /* JPUtils-OC */,
				F5081BDF25B7DB5500A92C12 /* AppDelegate.h */,
				F5081BE025B7DB5500A92C12 /* AppDelegate.m */,
				F5081BE225B7DB5500A92C12 /* SceneDelegate.h */,
				F5081BE325B7DB5500A92C12 /* SceneDelegate.m */,
				F5081BE525B7DB5500A92C12 /* ViewController.h */,
				F5081BE625B7DB5500A92C12 /* ViewController.m */,
				F5081C1325B82D5300A92C12 /* TestViewController.h */,
				F5081C1425B82D5300A92C12 /* TestViewController.m */,
				F5081C1925B8344E00A92C12 /* TestSubViewController.h */,
				F5081C1A25B8344E00A92C12 /* TestSubViewController.m */,
				F5081BE825B7DB5500A92C12 /* Main.storyboard */,
				F5081BEB25B7DB5800A92C12 /* Assets.xcassets */,
				F5081BED25B7DB5800A92C12 /* LaunchScreen.storyboard */,
				F5081BF025B7DB5800A92C12 /* Info.plist */,
				F5081BF125B7DB5800A92C12 /* main.m */,
			);
			path = JPUtilsDemo;
			sourceTree = "<group>";
		};
		F5081BF925B7DB7500A92C12 /* JPUtils-OC */ = {
			isa = PBXGroup;
			children = (
				F5081BFD25B7E36900A92C12 /* JPDateUtils.h */,
				F5081BFE25B7E36900A92C12 /* JPDateUtils.m */,
				2097AE9FDD9722DC123F8ABE /* JPLayoutUtils.h */,
				2097A43B34292A2793BB73C6 /* JPLayoutUtils.m */,
				2097AB8EE3208785A65EFE19 /* JPRouteUtils.h */,
				2097AB604E4E317CE78272D1 /* JPRouteUtils.m */,
				F5081C0225B7FE0700A92C12 /* JPStringUtils.h */,
				F5081C0325B7FE0700A92C12 /* JPStringUtils.m */,
				2097AB67889E1B821537386F /* JPSystemUtils.h */,
				2097A9B3F561948CDBFF975C /* JPSystemUtils.m */,
				2097A05834C523852D73DB95 /* JPTimerUtils.h */,
				2097A4ADFE787E545877509B /* JPTimerUtils.m */,
				F5081C2C25B847CB00A92C12 /* JPUtils-OC.h */,
				F5081C2D25B847D700A92C12 /* JPUtilsConfig.h */,
				F5081C2E25B847D700A92C12 /* JPUtilsConfig.m */,
				2097A613711040036798FE98 /* JPViewUtils.h */,
				2097AD33A562DFCF5261C7BF /* JPViewUtils.m */,
				F51EF438264935D9002B8134 /* JPOperation.h */,
				F51EF439264935D9002B8134 /* JPOperation.m */,
			);
			path = "JPUtils-OC";
			sourceTree = SOURCE_ROOT;
		};
/* End PBXGroup section */

/* Begin PBXNativeTarget section */
		F5081BDB25B7DB5500A92C12 /* JPUtilsDemo */ = {
			isa = PBXNativeTarget;
			buildConfigurationList = F5081BF525B7DB5800A92C12 /* Build configuration list for PBXNativeTarget "JPUtilsDemo" */;
			buildPhases = (
				D74D4402178D066385B631C1 /* [CP] Check Pods Manifest.lock */,
				F5081BD825B7DB5500A92C12 /* Sources */,
				F5081BD925B7DB5500A92C12 /* Frameworks */,
				F5081BDA25B7DB5500A92C12 /* Resources */,
				830EEC97395D0EAAC7712E99 /* [CP] Embed Pods Frameworks */,
			);
			buildRules = (
			);
			dependencies = (
			);
			name = JPUtilsDemo;
			productName = JPUtilsDemo;
			productReference = F5081BDC25B7DB5500A92C12 /* JPUtilsDemo.app */;
			productType = "com.apple.product-type.application";
		};
/* End PBXNativeTarget section */

/* Begin PBXProject section */
		F5081BD425B7DB5500A92C12 /* Project object */ = {
			isa = PBXProject;
			attributes = {
				LastUpgradeCheck = 1220;
				TargetAttributes = {
					F5081BDB25B7DB5500A92C12 = {
						CreatedOnToolsVersion = 12.2;
					};
				};
			};
			buildConfigurationList = F5081BD725B7DB5500A92C12 /* Build configuration list for PBXProject "JPUtilsDemo" */;
			compatibilityVersion = "Xcode 9.3";
			developmentRegion = en;
			hasScannedForEncodings = 0;
			knownRegions = (
				en,
				Base,
			);
			mainGroup = F5081BD325B7DB5500A92C12;
			productRefGroup = F5081BDD25B7DB5500A92C12 /* Products */;
			projectDirPath = "";
			projectRoot = "";
			targets = (
				F5081BDB25B7DB5500A92C12 /* JPUtilsDemo */,
			);
		};
/* End PBXProject section */

/* Begin PBXResourcesBuildPhase section */
		F5081BDA25B7DB5500A92C12 /* Resources */ = {
			isa = PBXResourcesBuildPhase;
			buildActionMask = 2147483647;
			files = (
				F5081BEF25B7DB5800A92C12 /* LaunchScreen.storyboard in Resources */,
				F5081BEC25B7DB5800A92C12 /* Assets.xcassets in Resources */,
				F5081BEA25B7DB5500A92C12 /* Main.storyboard in Resources */,
			);
			runOnlyForDeploymentPostprocessing = 0;
		};
/* End PBXResourcesBuildPhase section */

/* Begin PBXShellScriptBuildPhase section */
		830EEC97395D0EAAC7712E99 /* [CP] Embed Pods Frameworks */ = {
			isa = PBXShellScriptBuildPhase;
			buildActionMask = 2147483647;
			files = (
			);
			inputFileListPaths = (
				"${PODS_ROOT}/Target Support Files/Pods-JPUtilsDemo/Pods-JPUtilsDemo-frameworks-${CONFIGURATION}-input-files.xcfilelist",
			);
			name = "[CP] Embed Pods Frameworks";
			outputFileListPaths = (
				"${PODS_ROOT}/Target Support Files/Pods-JPUtilsDemo/Pods-JPUtilsDemo-frameworks-${CONFIGURATION}-output-files.xcfilelist",
			);
			runOnlyForDeploymentPostprocessing = 0;
			shellPath = /bin/sh;
			shellScript = "\"${PODS_ROOT}/Target Support Files/Pods-JPUtilsDemo/Pods-JPUtilsDemo-frameworks.sh\"\n";
			showEnvVarsInLog = 0;
		};
		D74D4402178D066385B631C1 /* [CP] Check Pods Manifest.lock */ = {
			isa = PBXShellScriptBuildPhase;
			buildActionMask = 2147483647;
			files = (
			);
			inputFileListPaths = (
			);
			inputPaths = (
				"${PODS_PODFILE_DIR_PATH}/Podfile.lock",
				"${PODS_ROOT}/Manifest.lock",
			);
			name = "[CP] Check Pods Manifest.lock";
			outputFileListPaths = (
			);
			outputPaths = (
				"$(DERIVED_FILE_DIR)/Pods-JPUtilsDemo-checkManifestLockResult.txt",
			);
			runOnlyForDeploymentPostprocessing = 0;
			shellPath = /bin/sh;
			shellScript = "diff \"${PODS_PODFILE_DIR_PATH}/Podfile.lock\" \"${PODS_ROOT}/Manifest.lock\" > /dev/null\nif [ $? != 0 ] ; then\n    # print error to STDERR\n    echo \"error: The sandbox is not in sync with the Podfile.lock. Run 'pod install' or update your CocoaPods installation.\" >&2\n    exit 1\nfi\n# This output is used by Xcode 'outputs' to avoid re-running this script phase.\necho \"SUCCESS\" > \"${SCRIPT_OUTPUT_FILE_0}\"\n";
			showEnvVarsInLog = 0;
		};
/* End PBXShellScriptBuildPhase section */

/* Begin PBXSourcesBuildPhase section */
		F5081BD825B7DB5500A92C12 /* Sources */ = {
			isa = PBXSourcesBuildPhase;
			buildActionMask = 2147483647;
			files = (
				F5081BE725B7DB5500A92C12 /* ViewController.m in Sources */,
				F5081BE125B7DB5500A92C12 /* AppDelegate.m in Sources */,
				F5081C0425B7FE0700A92C12 /* JPStringUtils.m in Sources */,
				F5081BF225B7DB5800A92C12 /* main.m in Sources */,
				F5081C1B25B8344E00A92C12 /* TestSubViewController.m in Sources */,
				F5081BFF25B7E36900A92C12 /* JPDateUtils.m in Sources */,
				F5081BE425B7DB5500A92C12 /* SceneDelegate.m in Sources */,
				F5081C1525B82D5300A92C12 /* TestViewController.m in Sources */,
				2097A389BE81C1D311081DBD /* JPSystemUtils.m in Sources */,
				F51EF43A264935D9002B8134 /* JPOperation.m in Sources */,
				2097A17CFCFF74C45CE87186 /* JPRouteUtils.m in Sources */,
				2097A68950615219CD3ECBC9 /* JPViewUtils.m in Sources */,
				F5081C2F25B847D700A92C12 /* JPUtilsConfig.m in Sources */,
				2097A8AF01BAB98B93532B7A /* JPTimerUtils.m in Sources */,
				2097A8432BDCC91DBCC69058 /* JPLayoutUtils.m in Sources */,
			);
			runOnlyForDeploymentPostprocessing = 0;
		};
/* End PBXSourcesBuildPhase section */

/* Begin PBXVariantGroup section */
		F5081BE825B7DB5500A92C12 /* Main.storyboard */ = {
			isa = PBXVariantGroup;
			children = (
				F5081BE925B7DB5500A92C12 /* Base */,
			);
			name = Main.storyboard;
			sourceTree = "<group>";
		};
		F5081BED25B7DB5800A92C12 /* LaunchScreen.storyboard */ = {
			isa = PBXVariantGroup;
			children = (
				F5081BEE25B7DB5800A92C12 /* Base */,
			);
			name = LaunchScreen.storyboard;
			sourceTree = "<group>";
		};
/* End PBXVariantGroup section */

/* Begin XCBuildConfiguration section */
		F5081BF325B7DB5800A92C12 /* Debug */ = {
			isa = XCBuildConfiguration;
			buildSettings = {
				ALWAYS_SEARCH_USER_PATHS = NO;
				CLANG_ANALYZER_NONNULL = YES;
				CLANG_ANALYZER_NUMBER_OBJECT_CONVERSION = YES_AGGRESSIVE;
				CLANG_CXX_LANGUAGE_STANDARD = "gnu++14";
				CLANG_CXX_LIBRARY = "libc++";
				CLANG_ENABLE_MODULES = YES;
				CLANG_ENABLE_OBJC_ARC = YES;
				CLANG_ENABLE_OBJC_WEAK = YES;
				CLANG_WARN_BLOCK_CAPTURE_AUTORELEASING = YES;
				CLANG_WARN_BOOL_CONVERSION = YES;
				CLANG_WARN_COMMA = YES;
				CLANG_WARN_CONSTANT_CONVERSION = YES;
				CLANG_WARN_DEPRECATED_OBJC_IMPLEMENTATIONS = YES;
				CLANG_WARN_DIRECT_OBJC_ISA_USAGE = YES_ERROR;
				CLANG_WARN_DOCUMENTATION_COMMENTS = YES;
				CLANG_WARN_EMPTY_BODY = YES;
				CLANG_WARN_ENUM_CONVERSION = YES;
				CLANG_WARN_INFINITE_RECURSION = YES;
				CLANG_WARN_INT_CONVERSION = YES;
				CLANG_WARN_NON_LITERAL_NULL_CONVERSION = YES;
				CLANG_WARN_OBJC_IMPLICIT_RETAIN_SELF = YES;
				CLANG_WARN_OBJC_LITERAL_CONVERSION = YES;
				CLANG_WARN_OBJC_ROOT_CLASS = YES_ERROR;
				CLANG_WARN_QUOTED_INCLUDE_IN_FRAMEWORK_HEADER = YES;
				CLANG_WARN_RANGE_LOOP_ANALYSIS = YES;
				CLANG_WARN_STRICT_PROTOTYPES = YES;
				CLANG_WARN_SUSPICIOUS_MOVE = YES;
				CLANG_WARN_UNGUARDED_AVAILABILITY = YES_AGGRESSIVE;
				CLANG_WARN_UNREACHABLE_CODE = YES;
				CLANG_WARN__DUPLICATE_METHOD_MATCH = YES;
				COPY_PHASE_STRIP = NO;
				DEBUG_INFORMATION_FORMAT = dwarf;
				ENABLE_STRICT_OBJC_MSGSEND = YES;
				ENABLE_TESTABILITY = YES;
				GCC_C_LANGUAGE_STANDARD = gnu11;
				GCC_DYNAMIC_NO_PIC = NO;
				GCC_NO_COMMON_BLOCKS = YES;
				GCC_OPTIMIZATION_LEVEL = 0;
				GCC_PREPROCESSOR_DEFINITIONS = (
					"DEBUG=1",
					"$(inherited)",
				);
				GCC_WARN_64_TO_32_BIT_CONVERSION = YES;
				GCC_WARN_ABOUT_RETURN_TYPE = YES_ERROR;
				GCC_WARN_UNDECLARED_SELECTOR = YES;
				GCC_WARN_UNINITIALIZED_AUTOS = YES_AGGRESSIVE;
				GCC_WARN_UNUSED_FUNCTION = YES;
				GCC_WARN_UNUSED_VARIABLE = YES;
				IPHONEOS_DEPLOYMENT_TARGET = 14.2;
				MTL_ENABLE_DEBUG_INFO = INCLUDE_SOURCE;
				MTL_FAST_MATH = YES;
				ONLY_ACTIVE_ARCH = YES;
				SDKROOT = iphoneos;
			};
			name = Debug;
		};
		F5081BF425B7DB5800A92C12 /* Release */ = {
			isa = XCBuildConfiguration;
			buildSettings = {
				ALWAYS_SEARCH_USER_PATHS = NO;
				CLANG_ANALYZER_NONNULL = YES;
				CLANG_ANALYZER_NUMBER_OBJECT_CONVERSION = YES_AGGRESSIVE;
				CLANG_CXX_LANGUAGE_STANDARD = "gnu++14";
				CLANG_CXX_LIBRARY = "libc++";
				CLANG_ENABLE_MODULES = YES;
				CLANG_ENABLE_OBJC_ARC = YES;
				CLANG_ENABLE_OBJC_WEAK = YES;
				CLANG_WARN_BLOCK_CAPTURE_AUTORELEASING = YES;
				CLANG_WARN_BOOL_CONVERSION = YES;
				CLANG_WARN_COMMA = YES;
				CLANG_WARN_CONSTANT_CONVERSION = YES;
				CLANG_WARN_DEPRECATED_OBJC_IMPLEMENTATIONS = YES;
				CLANG_WARN_DIRECT_OBJC_ISA_USAGE = YES_ERROR;
				CLANG_WARN_DOCUMENTATION_COMMENTS = YES;
				CLANG_WARN_EMPTY_BODY = YES;
				CLANG_WARN_ENUM_CONVERSION = YES;
				CLANG_WARN_INFINITE_RECURSION = YES;
				CLANG_WARN_INT_CONVERSION = YES;
				CLANG_WARN_NON_LITERAL_NULL_CONVERSION = YES;
				CLANG_WARN_OBJC_IMPLICIT_RETAIN_SELF = YES;
				CLANG_WARN_OBJC_LITERAL_CONVERSION = YES;
				CLANG_WARN_OBJC_ROOT_CLASS = YES_ERROR;
				CLANG_WARN_QUOTED_INCLUDE_IN_FRAMEWORK_HEADER = YES;
				CLANG_WARN_RANGE_LOOP_ANALYSIS = YES;
				CLANG_WARN_STRICT_PROTOTYPES = YES;
				CLANG_WARN_SUSPICIOUS_MOVE = YES;
				CLANG_WARN_UNGUARDED_AVAILABILITY = YES_AGGRESSIVE;
				CLANG_WARN_UNREACHABLE_CODE = YES;
				CLANG_WARN__DUPLICATE_METHOD_MATCH = YES;
				COPY_PHASE_STRIP = NO;
				DEBUG_INFORMATION_FORMAT = "dwarf-with-dsym";
				ENABLE_NS_ASSERTIONS = NO;
				ENABLE_STRICT_OBJC_MSGSEND = YES;
				GCC_C_LANGUAGE_STANDARD = gnu11;
				GCC_NO_COMMON_BLOCKS = YES;
				GCC_WARN_64_TO_32_BIT_CONVERSION = YES;
				GCC_WARN_ABOUT_RETURN_TYPE = YES_ERROR;
				GCC_WARN_UNDECLARED_SELECTOR = YES;
				GCC_WARN_UNINITIALIZED_AUTOS = YES_AGGRESSIVE;
				GCC_WARN_UNUSED_FUNCTION = YES;
				GCC_WARN_UNUSED_VARIABLE = YES;
				IPHONEOS_DEPLOYMENT_TARGET = 14.2;
				MTL_ENABLE_DEBUG_INFO = NO;
				MTL_FAST_MATH = YES;
				SDKROOT = iphoneos;
				VALIDATE_PRODUCT = YES;
			};
			name = Release;
		};
		F5081BF625B7DB5800A92C12 /* Debug */ = {
			isa = XCBuildConfiguration;
			baseConfigurationReference = 5DFB60EE6C2A9DDEBE9F17C6 /* Pods-JPUtilsDemo.debug.xcconfig */;
			buildSettings = {
				ASSETCATALOG_COMPILER_APPICON_NAME = AppIcon;
				ASSETCATALOG_COMPILER_GLOBAL_ACCENT_COLOR_NAME = AccentColor;
				CODE_SIGN_STYLE = Automatic;
				INFOPLIST_FILE = JPUtilsDemo/Info.plist;
				LD_RUNPATH_SEARCH_PATHS = (
					"$(inherited)",
					"@executable_path/Frameworks",
				);
				MARKETING_VERSION = 0.0.3;
				PRODUCT_BUNDLE_IDENTIFIER = com.djp.demo.JPUtilsDemo;
				PRODUCT_NAME = "$(TARGET_NAME)";
				TARGETED_DEVICE_FAMILY = "1,2";
			};
			name = Debug;
		};
		F5081BF725B7DB5800A92C12 /* Release */ = {
			isa = XCBuildConfiguration;
			baseConfigurationReference = 93E19467E17B0C9824670BCC /* Pods-JPUtilsDemo.release.xcconfig */;
			buildSettings = {
				ASSETCATALOG_COMPILER_APPICON_NAME = AppIcon;
				ASSETCATALOG_COMPILER_GLOBAL_ACCENT_COLOR_NAME = AccentColor;
				CODE_SIGN_STYLE = Automatic;
				INFOPLIST_FILE = JPUtilsDemo/Info.plist;
				LD_RUNPATH_SEARCH_PATHS = (
					"$(inherited)",
					"@executable_path/Frameworks",
				);
				MARKETING_VERSION = 0.0.3;
				PRODUCT_BUNDLE_IDENTIFIER = com.djp.demo.JPUtilsDemo;
				PRODUCT_NAME = "$(TARGET_NAME)";
				TARGETED_DEVICE_FAMILY = "1,2";
			};
			name = Release;
		};
/* End XCBuildConfiguration section */

/* Begin XCConfigurationList section */
		F5081BD725B7DB5500A92C12 /* Build configuration list for PBXProject "JPUtilsDemo" */ = {
			isa = XCConfigurationList;
			buildConfigurations = (
				F5081BF325B7DB5800A92C12 /* Debug */,
				F5081BF425B7DB5800A92C12 /* Release */,
			);
			defaultConfigurationIsVisible = 0;
			defaultConfigurationName = Release;
		};
		F5081BF525B7DB5800A92C12 /* Build configuration list for PBXNativeTarget "JPUtilsDemo" */ = {
			isa = XCConfigurationList;
			buildConfigurations = (
				F5081BF625B7DB5800A92C12 /* Debug */,
				F5081BF725B7DB5800A92C12 /* Release */,
			);
			defaultConfigurationIsVisible = 0;
			defaultConfigurationName = Release;
		};
/* End XCConfigurationList section */
	};
	rootObject = F5081BD425B7DB5500A92C12 /* Project object */;
}
